{
  "name": "reddit-search",
  "version": "1.0.0",
  "lockfileVersion": 1,
  "requires": true,
  "dependencies": {
    "javascript-time-ago": {
      "version": "2.0.1",
      "resolved": "https://registry.npmjs.org/javascript-time-ago/-/javascript-time-ago-2.0.1.tgz",
      "integrity": "sha512-ec5m6x3eh2MloVvSd6Yy9ShqeQmWHl4GaKSZNF4UlRhqGMdxPtsAAjkhUmO/PHk7c13R8yfkSygNZkdi4QpBww==",
      "requires": {
        "relative-time-format": "^0.1.3"
      }
    },
    "numeral": {
      "version": "2.0.6",
      "resolved": "https://registry.npmjs.org/numeral/-/numeral-2.0.6.tgz",
      "integrity": "sha1-StCAk21EPCVhrtnyGX7//iX05QY="
    },
    "relative-time-format": {
      "version": "0.1.3",
      "resolved": "https://registry.npmjs.org/relative-time-format/-/relative-time-format-0.1.3.tgz",
      "integrity": "sha512-0O6i4fKjsx8qhz57zorG+LrIDnF9pSvP5s7H9R1Nb5nSqih5dvRyKzNKs6MxhL3bv4iwsz4DuDwAyw+c47QFIA=="
    }
  }
}
